<?xml version="1.0" encoding="utf-8"?>
<Project ToolsVersion="4.0" xmlns="http://schemas.microsoft.com/developer/msbuild/2003">
  <ItemGroup>
    <Filter Include="소스 파일">
      <UniqueIdentifier>{4FC737F1-C7A5-4376-A066-2A32D752A2FF}</UniqueIdentifier>
      <Extensions>cpp;c;cc;cxx;c++;cppm;ixx;def;odl;idl;hpj;bat;asm;asmx</Extensions>
    </Filter>
    <Filter Include="헤더 파일">
      <UniqueIdentifier>{93995380-89BD-4b04-88EB-625FBE52EBFB}</UniqueIdentifier>
      <Extensions>h;hh;hpp;hxx;h++;hm;inl;inc;ipp;xsd</Extensions>
    </Filter>
    <Filter Include="리소스 파일">
      <UniqueIdentifier>{67DA6AB6-F800-4c08-8B7A-83BB121AAD01}</UniqueIdentifier>
      <Extensions>rc;ico;cur;bmp;dlg;rc2;rct;bin;rgs;gif;jpg;jpeg;jpe;resx;tiff;tif;png;wav;mfcribbon-ms</Extensions>
    </Filter>
    <Filter Include="헤더 파일\Util">
      <UniqueIdentifier>{68861641-ad69-4d05-a08c-cd78b301965e}</UniqueIdentifier>
    </Filter>
    <Filter Include="헤더 파일\Common">
      <UniqueIdentifier>{9c892674-2737-4adc-b67e-910372857c36}</UniqueIdentifier>
    </Filter>
    <Filter Include="헤더 파일\Container">
      <UniqueIdentifier>{74d7bc0d-6d47-4fc0-bd5b-2c35e0fb1f52}</UniqueIdentifier>
    </Filter>
    <Filter Include="소스 파일\Common">
      <UniqueIdentifier>{8415682c-7f21-461f-9bf3-94ea109dbefb}</UniqueIdentifier>
    </Filter>
    <Filter Include="소스 파일\Util">
      <UniqueIdentifier>{8881d813-e720-47eb-b3f7-6908a6fd48e3}</UniqueIdentifier>
    </Filter>
    <Filter Include="소스 파일\Container">
      <UniqueIdentifier>{772194c3-5983-4086-9890-492c6db7133c}</UniqueIdentifier>
    </Filter>
    <Filter Include="소스 파일\Wrapper">
      <UniqueIdentifier>{7c0d15f9-1b58-44c6-b058-c20001aef0be}</UniqueIdentifier>
    </Filter>
    <Filter Include="헤더 파일\Wrapper">
      <UniqueIdentifier>{52b52c70-c63c-41e1-badd-e02aa530ab5b}</UniqueIdentifier>
    </Filter>
    <Filter Include="헤더 파일\Type">
      <UniqueIdentifier>{6739a882-e7f4-4332-a5d3-00d23f519987}</UniqueIdentifier>
    </Filter>
    <Filter Include="소스 파일\Type">
      <UniqueIdentifier>{83642ff4-c1f7-4df2-876d-42e09d53405e}</UniqueIdentifier>
    </Filter>
    <Filter Include="헤더 파일\Hasher">
      <UniqueIdentifier>{f5fa86a9-d620-4fa5-bd60-2e395adba863}</UniqueIdentifier>
    </Filter>
    <Filter Include="소스 파일\Hasher">
      <UniqueIdentifier>{10663187-a6a6-42a0-85da-7441fa3c6cf9}</UniqueIdentifier>
    </Filter>
    <Filter Include="소스 파일\String">
      <UniqueIdentifier>{eec00f45-1eda-456f-8bac-c21bff4be0da}</UniqueIdentifier>
    </Filter>
    <Filter Include="헤더 파일\String">
      <UniqueIdentifier>{f3682e64-23fc-47a9-ba77-36d08059a4d3}</UniqueIdentifier>
    </Filter>
    <Filter Include="헤더 파일\Pointer">
      <UniqueIdentifier>{0fc89942-a6b9-449e-a57d-0b1e6da9a2dc}</UniqueIdentifier>
    </Filter>
    <Filter Include="소스 파일\Pointer">
      <UniqueIdentifier>{94aea5c2-2b18-4c41-81f1-0ddb3e52d252}</UniqueIdentifier>
    </Filter>
    <Filter Include="헤더 파일\Memory">
      <UniqueIdentifier>{d6ff7611-5ba4-47e2-8c9c-eb53e5be29d3}</UniqueIdentifier>
    </Filter>
    <Filter Include="헤더 파일\Memory\Buffer">
      <UniqueIdentifier>{2b199043-a4ac-4399-8cd0-5113e2267b52}</UniqueIdentifier>
    </Filter>
    <Filter Include="소스 파일\Memory">
      <UniqueIdentifier>{c24a727d-c1d8-4295-a00b-9dabe4144649}</UniqueIdentifier>
    </Filter>
    <Filter Include="소스 파일\Memory\Buffer">
      <UniqueIdentifier>{caaecf40-6ac6-4248-9a5d-e606ac7cdc03}</UniqueIdentifier>
    </Filter>
    <Filter Include="헤더 파일\File">
      <UniqueIdentifier>{60946bfd-7074-4bad-a0d3-18c93c25eae9}</UniqueIdentifier>
    </Filter>
    <Filter Include="소스 파일\File">
      <UniqueIdentifier>{7274d374-68c5-4959-8929-b74ca4c645b3}</UniqueIdentifier>
    </Filter>
    <Filter Include="헤더 파일\Json">
      <UniqueIdentifier>{af8eca30-d2e1-4b38-8297-a14a22dfbe02}</UniqueIdentifier>
    </Filter>
    <Filter Include="소스 파일\Json">
      <UniqueIdentifier>{ee32257e-dedc-4bf3-8a00-ac6b82dce2ef}</UniqueIdentifier>
    </Filter>
  </ItemGroup>
  <ItemGroup>
    <ClInclude Include="CommonBasePch.h">
      <Filter>헤더 파일</Filter>
    </ClInclude>
    <ClInclude Include="MemoryUtil.h">
      <Filter>헤더 파일\Util</Filter>
    </ClInclude>
    <ClInclude Include="MathUtil.h">
      <Filter>헤더 파일\Util</Filter>
    </ClInclude>
    <ClInclude Include="ClassCommon.h">
      <Filter>헤더 파일\Common</Filter>
    </ClInclude>
    <ClInclude Include="MacroCommon.h">
      <Filter>헤더 파일\Common</Filter>
    </ClInclude>
    <ClInclude Include="TypeCommon.h">
      <Filter>헤더 파일\Common</Filter>
    </ClInclude>
    <ClInclude Include="MemoryUtil.hpp">
      <Filter>헤더 파일\Util</Filter>
    </ClInclude>
    <ClInclude Include="MathUtil.hpp">
      <Filter>헤더 파일\Util</Filter>
    </ClInclude>
    <ClInclude Include="Delegate.h">
      <Filter>헤더 파일\Wrapper</Filter>
    </ClInclude>
    <ClInclude Include="Delegate.hpp">
      <Filter>헤더 파일\Wrapper</Filter>
    </ClInclude>
    <ClInclude Include="AssertUtil.h">
      <Filter>헤더 파일\Util</Filter>
    </ClInclude>
    <ClInclude Include="AssertUtil.hpp">
      <Filter>헤더 파일\Util</Filter>
    </ClInclude>
    <ClInclude Include="Vector.h">
      <Filter>헤더 파일\Container</Filter>
    </ClInclude>
    <ClInclude Include="HashMap.h">
      <Filter>헤더 파일\Container</Filter>
    </ClInclude>
    <ClInclude Include="HashSet.h">
      <Filter>헤더 파일\Container</Filter>
    </ClInclude>
    <ClInclude Include="ScalarVectorTypes.h">
      <Filter>헤더 파일\Type</Filter>
    </ClInclude>
    <ClInclude Include="Vector.hpp">
      <Filter>헤더 파일\Container</Filter>
    </ClInclude>
    <ClInclude Include="HashMap.hpp">
      <Filter>헤더 파일\Container</Filter>
    </ClInclude>
    <ClInclude Include="HashSet.hpp">
      <Filter>헤더 파일\Container</Filter>
    </ClInclude>
    <ClInclude Include="StaticArray.h">
      <Filter>헤더 파일\Container</Filter>
    </ClInclude>
    <ClInclude Include="Deque.h">
      <Filter>헤더 파일\Container</Filter>
    </ClInclude>
    <ClInclude Include="Deque.hpp">
      <Filter>헤더 파일\Container</Filter>
    </ClInclude>
    <ClInclude Include="Stack.h">
      <Filter>헤더 파일\Container</Filter>
    </ClInclude>
    <ClInclude Include="Queue.h">
      <Filter>헤더 파일\Container</Filter>
    </ClInclude>
    <ClInclude Include="Stack.hpp">
      <Filter>헤더 파일\Container</Filter>
    </ClInclude>
    <ClInclude Include="Queue.hpp">
      <Filter>헤더 파일\Container</Filter>
    </ClInclude>
    <ClInclude Include="HashUtil.h">
      <Filter>헤더 파일\Util</Filter>
    </ClInclude>
    <ClInclude Include="TypeTraitCommon.h">
      <Filter>헤더 파일\Common</Filter>
    </ClInclude>
    <ClInclude Include="CommonCore.h">
      <Filter>헤더 파일\Common</Filter>
    </ClInclude>
    <ClInclude Include="TypeTraitCommon.hpp">
      <Filter>헤더 파일\Common</Filter>
    </ClInclude>
    <ClInclude Include="HashContainerBase.h">
      <Filter>헤더 파일\Container</Filter>
    </ClInclude>
    <ClInclude Include="FNV1aHasher.h">
      <Filter>헤더 파일\Hasher</Filter>
    </ClInclude>
    <ClInclude Include="FNV1aHasher.hpp">
      <Filter>헤더 파일\Hasher</Filter>
    </ClInclude>
    <ClInclude Include="HashCore.h">
      <Filter>헤더 파일\Hasher</Filter>
    </ClInclude>
    <ClInclude Include="CircularBufferUtil.h">
      <Filter>헤더 파일\Util</Filter>
    </ClInclude>
    <ClInclude Include="StaticString.h">
      <Filter>헤더 파일\String</Filter>
    </ClInclude>
    <ClInclude Include="HashContainerBase.hpp">
      <Filter>헤더 파일\String</Filter>
    </ClInclude>
    <ClInclude Include="StringView.h">
      <Filter>헤더 파일\String</Filter>
    </ClInclude>
    <ClInclude Include="StrUtil.h">
      <Filter>헤더 파일\Util</Filter>
    </ClInclude>
    <ClInclude Include="StrUtil.hpp">
      <Filter>헤더 파일\Util</Filter>
    </ClInclude>
    <ClInclude Include="Ptr.h">
      <Filter>헤더 파일\Pointer</Filter>
    </ClInclude>
    <ClInclude Include="RefPtr.h">
      <Filter>헤더 파일\Pointer</Filter>
    </ClInclude>
    <ClInclude Include="WeakPtr.h">
      <Filter>헤더 파일\Pointer</Filter>
    </ClInclude>
    <ClInclude Include="Ptr.hpp">
      <Filter>헤더 파일\Pointer</Filter>
    </ClInclude>
    <ClInclude Include="RefPtr.hpp">
      <Filter>헤더 파일\Pointer</Filter>
    </ClInclude>
    <ClInclude Include="RefControlBlock.h">
      <Filter>헤더 파일\Pointer</Filter>
    </ClInclude>
    <ClInclude Include="WeakPtr.hpp">
      <Filter>헤더 파일\Pointer</Filter>
    </ClInclude>
    <ClInclude Include="FlyweightString.h">
      <Filter>헤더 파일\String</Filter>
    </ClInclude>
    <ClInclude Include="DynamicBuffer.h">
      <Filter>헤더 파일\Memory\Buffer</Filter>
    </ClInclude>
    <ClInclude Include="IBuffer.h">
      <Filter>헤더 파일\Memory\Buffer</Filter>
    </ClInclude>
    <ClInclude Include="IBuffer.hpp">
      <Filter>헤더 파일\Memory\Buffer</Filter>
    </ClInclude>
    <ClInclude Include="StaticBuffer.h">
      <Filter>헤더 파일\Memory\Buffer</Filter>
    </ClInclude>
    <ClInclude Include="ArenaAllocator.h">
      <Filter>헤더 파일\Memory</Filter>
    </ClInclude>
    <ClInclude Include="ArenaAllocator.hpp">
      <Filter>헤더 파일\Memory</Filter>
    </ClInclude>
    <ClInclude Include="JsonLoader.h">
      <Filter>헤더 파일\Json</Filter>
    </ClInclude>
    <ClInclude Include="Json.h">
      <Filter>헤더 파일\Json</Filter>
    </ClInclude>
    <ClInclude Include="JsonUtil.h">
      <Filter>헤더 파일\Json</Filter>
    </ClInclude>
    <ClInclude Include="SimdUtil.h">
      <Filter>헤더 파일\Util</Filter>
    </ClInclude>
    <ClInclude Include="File.h">
      <Filter>헤더 파일\File</Filter>
    </ClInclude>
    <ClInclude Include="FileUtil.h">
      <Filter>헤더 파일\File</Filter>
    </ClInclude>
  </ItemGroup>
  <ItemGroup>
    <ClCompile Include="CommonBasePch.cpp">
      <Filter>소스 파일</Filter>
    </ClCompile>
    <ClCompile Include="TypeCommon.cpp">
      <Filter>소스 파일\Common</Filter>
    </ClCompile>
    <ClCompile Include="MacroCommon.cpp">
      <Filter>소스 파일\Common</Filter>
    </ClCompile>
    <ClCompile Include="MathUtil.cpp">
      <Filter>소스 파일\Util</Filter>
    </ClCompile>
    <ClCompile Include="MemoryUtil.cpp">
      <Filter>소스 파일\Util</Filter>
    </ClCompile>
    <ClCompile Include="Delegate.cpp">
      <Filter>소스 파일\Wrapper</Filter>
    </ClCompile>
    <ClCompile Include="AssertUtil.cpp">
      <Filter>소스 파일\Util</Filter>
    </ClCompile>
    <ClCompile Include="Vector.cpp">
      <Filter>소스 파일\Container</Filter>
    </ClCompile>
    <ClCompile Include="HashMap.cpp">
      <Filter>소스 파일\Container</Filter>
    </ClCompile>
    <ClCompile Include="HashSet.cpp">
      <Filter>소스 파일\Container</Filter>
    </ClCompile>
    <ClCompile Include="ScalarVectorTypes.cpp">
      <Filter>소스 파일\Type</Filter>
    </ClCompile>
    <ClCompile Include="StaticArray.cpp">
      <Filter>소스 파일\Container</Filter>
    </ClCompile>
    <ClCompile Include="Deque.cpp">
      <Filter>소스 파일\Container</Filter>
    </ClCompile>
    <ClCompile Include="Stack.cpp">
      <Filter>소스 파일\Container</Filter>
    </ClCompile>
    <ClCompile Include="Queue.cpp">
      <Filter>소스 파일\Container</Filter>
    </ClCompile>
    <ClCompile Include="HashUtil.cpp">
      <Filter>소스 파일\Util</Filter>
    </ClCompile>
    <ClCompile Include="TypeTraitCommon.cpp">
      <Filter>소스 파일\Common</Filter>
    </ClCompile>
    <ClCompile Include="HashContainerBase.cpp">
      <Filter>소스 파일\Container</Filter>
    </ClCompile>
    <ClCompile Include="FNV1aHasher.cpp">
      <Filter>소스 파일\Hasher</Filter>
    </ClCompile>
    <ClCompile Include="CircularBufferUtil.cpp">
      <Filter>소스 파일\Util</Filter>
    </ClCompile>
    <ClCompile Include="StaticString.cpp">
      <Filter>소스 파일\String</Filter>
    </ClCompile>
    <ClCompile Include="StringView.cpp">
      <Filter>소스 파일\String</Filter>
    </ClCompile>
    <ClCompile Include="FlyweightString.cpp">
      <Filter>소스 파일\String</Filter>
    </ClCompile>
    <ClCompile Include="StrUtil.cpp">
      <Filter>소스 파일\Util</Filter>
    </ClCompile>
    <ClCompile Include="Ptr.cpp">
      <Filter>소스 파일\Pointer</Filter>
    </ClCompile>
    <ClCompile Include="RefPtr.cpp">
      <Filter>소스 파일\Pointer</Filter>
    </ClCompile>
    <ClCompile Include="WeakPtr.cpp">
      <Filter>소스 파일\Pointer</Filter>
    </ClCompile>
    <ClCompile Include="RefControlBlock.cpp">
      <Filter>소스 파일\Pointer</Filter>
    </ClCompile>
    <ClCompile Include="DynamicBuffer.cpp">
      <Filter>소스 파일\Memory\Buffer</Filter>
    </ClCompile>
    <ClCompile Include="IBuffer.cpp">
      <Filter>소스 파일\Memory\Buffer</Filter>
    </ClCompile>
    <ClCompile Include="StaticBuffer.cpp">
      <Filter>소스 파일\Memory\Buffer</Filter>
    </ClCompile>
    <ClCompile Include="ArenaAllocator.cpp">
      <Filter>소스 파일\Memory</Filter>
    </ClCompile>
    <ClCompile Include="JsonLoader.cpp">
      <Filter>소스 파일\Json</Filter>
    </ClCompile>
    <ClCompile Include="Json.cpp">
      <Filter>소스 파일\Json</Filter>
    </ClCompile>
    <ClCompile Include="File.cpp">
      <Filter>소스 파일\File</Filter>
    </ClCompile>
    <ClCompile Include="FileUtil.cpp">
      <Filter>소스 파일</Filter>
    </ClCompile>
  </ItemGroup>
  <ItemGroup>
    <Natvis Include="CommonBase.natvis">
      <Filter>리소스 파일</Filter>
    </Natvis>
  </ItemGroup>
</Project>