<?xml version="1.0" encoding="utf-8"?>
<Project ToolsVersion="4.0" xmlns="http://schemas.microsoft.com/developer/msbuild/2003">
  <ItemGroup>
    <Filter Include="소스 파일">
      <UniqueIdentifier>{4FC737F1-C7A5-4376-A066-2A32D752A2FF}</UniqueIdentifier>
      <Extensions>cpp;c;cc;cxx;c++;cppm;ixx;def;odl;idl;hpj;bat;asm;asmx</Extensions>
    </Filter>
    <Filter Include="헤더 파일">
      <UniqueIdentifier>{93995380-89BD-4b04-88EB-625FBE52EBFB}</UniqueIdentifier>
      <Extensions>h;hh;hpp;hxx;h++;hm;inl;inc;ipp;xsd</Extensions>
    </Filter>
    <Filter Include="리소스 파일">
      <UniqueIdentifier>{67DA6AB6-F800-4c08-8B7A-83BB121AAD01}</UniqueIdentifier>
      <Extensions>rc;ico;cur;bmp;dlg;rc2;rct;bin;rgs;gif;jpg;jpeg;jpe;resx;tiff;tif;png;wav;mfcribbon-ms</Extensions>
    </Filter>
    <Filter Include="소스 파일\StaticString">
      <UniqueIdentifier>{A1B2C3D4-0001-0001-0001-000000000001}</UniqueIdentifier>
    </Filter>
    <Filter Include="소스 파일\RefPtr">
      <UniqueIdentifier>{A1B2C3D4-0002-0002-0002-000000000002}</UniqueIdentifier>
    </Filter>
    <Filter Include="소스 파일\WeakPtr">
      <UniqueIdentifier>{A1B2C3D4-0003-0003-0003-000000000003}</UniqueIdentifier>
    </Filter>
    <Filter Include="소스 파일\Concurrency">
      <UniqueIdentifier>{A1B2C3D4-0004-0004-0004-000000000004}</UniqueIdentifier>
    </Filter>
    <Filter Include="소스 파일\Buffer">
      <UniqueIdentifier>{A1B2C3D4-0005-0005-0005-000000000005}</UniqueIdentifier>
    </Filter>
    <Filter Include="소스 파일\Json">
      <UniqueIdentifier>{A1B2C3D4-0006-0006-0006-000000000006}</UniqueIdentifier>
    </Filter>
    <Filter Include="소스 파일\Reflect">
      <UniqueIdentifier>{A1B2C3D4-0007-0007-0007-000000000007}</UniqueIdentifier>
    </Filter>
    <Filter Include="소스 파일\InlinedVector">
      <UniqueIdentifier>{A1B2C3D4-0008-0008-0008-000000000008}</UniqueIdentifier>
    </Filter>
    <Filter Include="소스 파일\ScalarVectorTypes">
      <UniqueIdentifier>{A1B2C3D4-0009-0009-0009-000000000009}</UniqueIdentifier>
    </Filter>
    <Filter Include="소스 파일\StringView">
      <UniqueIdentifier>{A1B2C3D4-0010-0010-0010-000000000010}</UniqueIdentifier>
    </Filter>
    <Filter Include="헤더 파일\StaticString">
      <UniqueIdentifier>{B1B2C3D4-0001-0001-0001-000000000001}</UniqueIdentifier>
    </Filter>
    <Filter Include="헤더 파일\RefPtr">
      <UniqueIdentifier>{B1B2C3D4-0002-0002-0002-000000000002}</UniqueIdentifier>
    </Filter>
    <Filter Include="헤더 파일\WeakPtr">
      <UniqueIdentifier>{B1B2C3D4-0003-0003-0003-000000000003}</UniqueIdentifier>
    </Filter>
    <Filter Include="헤더 파일\Concurrency">
      <UniqueIdentifier>{B1B2C3D4-0004-0004-0004-000000000004}</UniqueIdentifier>
    </Filter>
    <Filter Include="헤더 파일\FlyweightString">
      <UniqueIdentifier>{B1B2C3D4-0005-0005-0005-000000000005}</UniqueIdentifier>
    </Filter>
    <Filter Include="헤더 파일\Buffer">
      <UniqueIdentifier>{B1B2C3D4-0006-0006-0006-000000000006}</UniqueIdentifier>
    </Filter>
    <Filter Include="헤더 파일\Json">
      <UniqueIdentifier>{B1B2C3D4-0007-0007-0007-000000000007}</UniqueIdentifier>
    </Filter>
    <Filter Include="헤더 파일\Reflect">
      <UniqueIdentifier>{B1B2C3D4-0008-0008-0008-000000000008}</UniqueIdentifier>
    </Filter>
    <Filter Include="헤더 파일\InlinedVector">
      <UniqueIdentifier>{B1B2C3D4-0009-0009-0009-000000000009}</UniqueIdentifier>
    </Filter>
    <Filter Include="헤더 파일\ScalarVectorTypes">
      <UniqueIdentifier>{B1B2C3D4-0010-0010-0010-000000000010}</UniqueIdentifier>
    </Filter>
    <Filter Include="헤더 파일\StringView">
      <UniqueIdentifier>{B1B2C3D4-0011-0011-0011-000000000011}</UniqueIdentifier>
    </Filter>
  </ItemGroup>
  <ItemGroup>
    <ClCompile Include="test.cpp">
      <Filter>소스 파일</Filter>
    </ClCompile>
    <ClCompile Include="StaticStringTest.cpp">
      <Filter>소스 파일\StaticString</Filter>
    </ClCompile>
    <ClCompile Include="RefPtrTest.cpp">
      <Filter>소스 파일\RefPtr</Filter>
    </ClCompile>
    <ClCompile Include="WeakPtrTest.cpp">
      <Filter>소스 파일\WeakPtr</Filter>
    </ClCompile>
    <ClCompile Include="ConcurrencyTest.cpp">
      <Filter>소스 파일\Concurrency</Filter>
    </ClCompile>
    <ClCompile Include="BufferTest.cpp">
      <Filter>소스 파일\Buffer</Filter>
    </ClCompile>
    <ClCompile Include="JsonTest.cpp">
      <Filter>소스 파일\Json</Filter>
    </ClCompile>
    <ClCompile Include="ReflectTest.cpp">
      <Filter>소스 파일\Reflect</Filter>
    </ClCompile>
    <ClCompile Include="InlinedVectorTest.cpp">
      <Filter>소스 파일\InlinedVector</Filter>
    </ClCompile>
    <ClCompile Include="ScalarVectorTypesTest.cpp">
      <Filter>소스 파일\ScalarVectorTypes</Filter>
    </ClCompile>
    <ClCompile Include="StringViewTest.cpp">
      <Filter>소스 파일\StringView</Filter>
    </ClCompile>
    <ClCompile Include="RhiTriangleTest.cpp">
      <Filter>소스 파일</Filter>
    </ClCompile>
  </ItemGroup>
  <ItemGroup>
    <ClInclude Include="TestCommon.h">
      <Filter>헤더 파일</Filter>
    </ClInclude>
    <ClInclude Include="StaticStringTest.h">
      <Filter>헤더 파일\StaticString</Filter>
    </ClInclude>
    <ClInclude Include="RefPtrTest.h">
      <Filter>헤더 파일\RefPtr</Filter>
    </ClInclude>
    <ClInclude Include="WeakPtrTest.h">
      <Filter>헤더 파일\WeakPtr</Filter>
    </ClInclude>
    <ClInclude Include="ConcurrencyTest.h">
      <Filter>헤더 파일\Concurrency</Filter>
    </ClInclude>
    <ClInclude Include="FlyweightStringTest.h">
      <Filter>헤더 파일\FlyweightString</Filter>
    </ClInclude>
    <ClInclude Include="BufferTest.h">
      <Filter>헤더 파일\Buffer</Filter>
    </ClInclude>
    <ClInclude Include="JsonTest.h">
      <Filter>헤더 파일\Json</Filter>
    </ClInclude>
    <ClInclude Include="ReflectTest.h">
      <Filter>헤더 파일\Reflect</Filter>
    </ClInclude>
    <ClInclude Include="InlinedVectorTest.h">
      <Filter>헤더 파일\InlinedVector</Filter>
    </ClInclude>
    <ClInclude Include="ScalarVectorTypesTest.h">
      <Filter>헤더 파일\ScalarVectorTypes</Filter>
    </ClInclude>
    <ClInclude Include="StringViewTest.h">
      <Filter>헤더 파일\StringView</Filter>
    </ClInclude>
    <ClInclude Include="test.h">
      <Filter>헤더 파일</Filter>
    </ClInclude>
    <ClInclude Include="RhiTriangleTest.h">
      <Filter>헤더 파일</Filter>
    </ClInclude>
  </ItemGroup>
  <ItemGroup>
    <None Include="Test.props" />
    <None Include="large_test_object.json" />
  </ItemGroup>
</Project>